
Microsoft Visual Studio Solution File, Format Version 12.00
# Visual Studio Version 17
VisualStudioVersion = 17.0.31903.59
MinimumVisualStudioVersion = 10.0.40219.1
Project("{FAE04EC0-301F-11D3-BF4B-00C04F79EFBC}") = "RelicChoice", "RelicChoice.csproj", "{B2230E1B-812D-4174-A4B2-43838A508C22}"
EndProject
Global
	GlobalSection(SolutionConfigurationPlatforms) = preSolution
		Debug|Any CPU = Debug|Any CPU
		Debug|x64 = Debug|x64
		Debug|x86 = Debug|x86
		Release|Any CPU = Release|Any CPU
		Release|x64 = Release|x64
		Release|x86 = Release|x86
	EndGlobalSection
	GlobalSection(ProjectConfigurationPlatforms) = postSolution
		{B2230E1B-812D-4174-A4B2-43838A508C22}.Debug|Any CPU.ActiveCfg = Debug|Any CPU
		{B2230E1B-812D-4174-A4B2-43838A508C22}.Debug|Any CPU.Build.0 = Debug|Any CPU
		{B2230E1B-812D-4174-A4B2-43838A508C22}.Debug|x64.ActiveCfg = Debug|Any CPU
		{B2230E1B-812D-4174-A4B2-43838A508C22}.Debug|x64.Build.0 = Debug|Any CPU
		{B2230E1B-812D-4174-A4B2-43838A508C22}.Debug|x86.ActiveCfg = Debug|Any CPU
		{B2230E1B-812D-4174-A4B2-43838A508C22}.Debug|x86.Build.0 = Debug|Any CPU
		{B2230E1B-812D-4174-A4B2-43838A508C22}.Release|Any CPU.ActiveCfg = Debug|Any CPU
		{B2230E1B-812D-4174-A4B2-43838A508C22}.Release|Any CPU.Build.0 = Debug|Any CPU
		{B2230E1B-812D-4174-A4B2-43838A508C22}.Release|x64.ActiveCfg = Debug|Any CPU
		{B2230E1B-812D-4174-A4B2-43838A508C22}.Release|x64.Build.0 = Debug|Any CPU
		{B2230E1B-812D-4174-A4B2-43838A508C22}.Release|x86.ActiveCfg = Debug|Any CPU
		{B2230E1B-812D-4174-A4B2-43838A508C22}.Release|x86.Build.0 = Debug|Any CPU
	EndGlobalSection
	GlobalSection(SolutionProperties) = preSolution
		HideSolutionNode = FALSE
	EndGlobalSection
EndGlobal
